// !$*UTF8*$!
{
	archiveVersion = 1;
	classes = {
	};
	objectVersion = 50;
	objects = {

/* Begin PBXBuildFile section */
		8A05A09420AB8B8F006A3B84 /* PlantGuideTableViewController.swift in Sources */ = {isa = PBXBuildFile; fileRef = 8A05A09320AB8B8F006A3B84 /* PlantGuideTableViewController.swift */; };
		8A05A09620AB8F20006A3B84 /* GoalsViewController.swift in Sources */ = {isa = PBXBuildFile; fileRef = 8A05A09520AB8F20006A3B84 /* GoalsViewController.swift */; };
		8ABAF2F420A1186C003BD033 /* AppDelegate.swift in Sources */ = {isa = PBXBuildFile; fileRef = 8ABAF2F320A1186C003BD033 /* AppDelegate.swift */; };
		8ABAF2F920A1186C003BD033 /* Main.storyboard in Resources */ = {isa = PBXBuildFile; fileRef = 8ABAF2F720A1186C003BD033 /* Main.storyboard */; };
		8ABAF2FC20A1186C003BD033 /* Plant_project.xcdatamodeld in Sources */ = {isa = PBXBuildFile; fileRef = 8ABAF2FA20A1186C003BD033 /* Plant_project.xcdatamodeld */; };
		8ABAF2FE20A1186D003BD033 /* Assets.xcassets in Resources */ = {isa = PBXBuildFile; fileRef = 8ABAF2FD20A1186D003BD033 /* Assets.xcassets */; };
		8ABAF30120A1186D003BD033 /* LaunchScreen.storyboard in Resources */ = {isa = PBXBuildFile; fileRef = 8ABAF2FF20A1186D003BD033 /* LaunchScreen.storyboard */; };
		8ABAF30C20A1186D003BD033 /* Plant_projectTests.swift in Sources */ = {isa = PBXBuildFile; fileRef = 8ABAF30B20A1186D003BD033 /* Plant_projectTests.swift */; };
		8ABAF31720A1186D003BD033 /* Plant_projectUITests.swift in Sources */ = {isa = PBXBuildFile; fileRef = 8ABAF31620A1186D003BD033 /* Plant_projectUITests.swift */; };
		8ABAF32520A11B8F003BD033 /* GreenhouseViewController.swift in Sources */ = {isa = PBXBuildFile; fileRef = 8ABAF32420A11B8F003BD033 /* GreenhouseViewController.swift */; };
		8ABAF32820A2694C003BD033 /* PlantInfoViewController.swift in Sources */ = {isa = PBXBuildFile; fileRef = 8ABAF32720A2694C003BD033 /* PlantInfoViewController.swift */; };
		8ABAF32D20A26A88003BD033 /* PlantClass.swift in Sources */ = {isa = PBXBuildFile; fileRef = 8ABAF32C20A26A88003BD033 /* PlantClass.swift */; };
		8AD5370D20A6511F00611EA2 /* InfoButtonViewController.swift in Sources */ = {isa = PBXBuildFile; fileRef = 8AD5370C20A6511F00611EA2 /* InfoButtonViewController.swift */; };
		8AD5370F20A651B300611EA2 /* ChangeConditionsViewController.swift in Sources */ = {isa = PBXBuildFile; fileRef = 8AD5370E20A651B300611EA2 /* ChangeConditionsViewController.swift */; };
/* End PBXBuildFile section */

/* Begin PBXContainerItemProxy section */
		8ABAF30820A1186D003BD033 /* PBXContainerItemProxy */ = {
			isa = PBXContainerItemProxy;
			containerPortal = 8ABAF2E820A1186C003BD033 /* Project object */;
			proxyType = 1;
			remoteGlobalIDString = 8ABAF2EF20A1186C003BD033;
			remoteInfo = "Plant project";
		};
		8ABAF31320A1186D003BD033 /* PBXContainerItemProxy */ = {
			isa = PBXContainerItemProxy;
			containerPortal = 8ABAF2E820A1186C003BD033 /* Project object */;
			proxyType = 1;
			remoteGlobalIDString = 8ABAF2EF20A1186C003BD033;
			remoteInfo = "Plant project";
		};
/* End PBXContainerItemProxy section */

/* Begin PBXFileReference section */
		8A05A09320AB8B8F006A3B84 /* PlantGuideTableViewController.swift */ = {isa = PBXFileReference; lastKnownFileType = sourcecode.swift; path = PlantGuideTableViewController.swift; sourceTree = "<group>"; };
		8A05A09520AB8F20006A3B84 /* GoalsViewController.swift */ = {isa = PBXFileReference; lastKnownFileType = sourcecode.swift; path = GoalsViewController.swift; sourceTree = "<group>"; };
		8ABAF2F020A1186C003BD033 /* Plant project.app */ = {isa = PBXFileReference; explicitFileType = wrapper.application; includeInIndex = 0; path = "Plant project.app"; sourceTree = BUILT_PRODUCTS_DIR; };
		8ABAF2F320A1186C003BD033 /* AppDelegate.swift */ = {isa = PBXFileReference; lastKnownFileType = sourcecode.swift; path = AppDelegate.swift; sourceTree = "<group>"; };
		8ABAF2F820A1186C003BD033 /* Base */ = {isa = PBXFileReference; lastKnownFileType = file.storyboard; name = Base; path = Base.lproj/Main.storyboard; sourceTree = "<group>"; };
		8ABAF2FB20A1186C003BD033 /* Plant_project.xcdatamodel */ = {isa = PBXFileReference; lastKnownFileType = wrapper.xcdatamodel; path = Plant_project.xcdatamodel; sourceTree = "<group>"; };
		8ABAF2FD20A1186D003BD033 /* Assets.xcassets */ = {isa = PBXFileReference; lastKnownFileType = folder.assetcatalog; path = Assets.xcassets; sourceTree = "<group>"; };
		8ABAF30020A1186D003BD033 /* Base */ = {isa = PBXFileReference; lastKnownFileType = file.storyboard; name = Base; path = Base.lproj/LaunchScreen.storyboard; sourceTree = "<group>"; };
		8ABAF30220A1186D003BD033 /* Info.plist */ = {isa = PBXFileReference; lastKnownFileType = text.plist.xml; path = Info.plist; sourceTree = "<group>"; };
		8ABAF30720A1186D003BD033 /* Plant projectTests.xctest */ = {isa = PBXFileReference; explicitFileType = wrapper.cfbundle; includeInIndex = 0; path = "Plant projectTests.xctest"; sourceTree = BUILT_PRODUCTS_DIR; };
		8ABAF30B20A1186D003BD033 /* Plant_projectTests.swift */ = {isa = PBXFileReference; lastKnownFileType = sourcecode.swift; path = Plant_projectTests.swift; sourceTree = "<group>"; };
		8ABAF30D20A1186D003BD033 /* Info.plist */ = {isa = PBXFileReference; lastKnownFileType = text.plist.xml; path = Info.plist; sourceTree = "<group>"; };
		8ABAF31220A1186D003BD033 /* Plant projectUITests.xctest */ = {isa = PBXFileReference; explicitFileType = wrapper.cfbundle; includeInIndex = 0; path = "Plant projectUITests.xctest"; sourceTree = BUILT_PRODUCTS_DIR; };
		8ABAF31620A1186D003BD033 /* Plant_projectUITests.swift */ = {isa = PBXFileReference; lastKnownFileType = sourcecode.swift; path = Plant_projectUITests.swift; sourceTree = "<group>"; };
		8ABAF31820A1186D003BD033 /* Info.plist */ = {isa = PBXFileReference; lastKnownFileType = text.plist.xml; path = Info.plist; sourceTree = "<group>"; };
		8ABAF32420A11B8F003BD033 /* GreenhouseViewController.swift */ = {isa = PBXFileReference; lastKnownFileType = sourcecode.swift; path = GreenhouseViewController.swift; sourceTree = "<group>"; };
		8ABAF32720A2694C003BD033 /* PlantInfoViewController.swift */ = {isa = PBXFileReference; lastKnownFileType = sourcecode.swift; path = PlantInfoViewController.swift; sourceTree = "<group>"; };
		8ABAF32C20A26A88003BD033 /* PlantClass.swift */ = {isa = PBXFileReference; lastKnownFileType = sourcecode.swift; path = PlantClass.swift; sourceTree = "<group>"; };
		8AD5370C20A6511F00611EA2 /* InfoButtonViewController.swift */ = {isa = PBXFileReference; lastKnownFileType = sourcecode.swift; path = InfoButtonViewController.swift; sourceTree = "<group>"; };
		8AD5370E20A651B300611EA2 /* ChangeConditionsViewController.swift */ = {isa = PBXFileReference; lastKnownFileType = sourcecode.swift; path = ChangeConditionsViewController.swift; sourceTree = "<group>"; };
/* End PBXFileReference section */

/* Begin PBXFrameworksBuildPhase section */
		8ABAF2ED20A1186C003BD033 /* Frameworks */ = {
			isa = PBXFrameworksBuildPhase;
			buildActionMask = 2147483647;
			files = (
			);
			runOnlyForDeploymentPostprocessing = 0;
		};
		8ABAF30420A1186D003BD033 /* Frameworks */ = {
			isa = PBXFrameworksBuildPhase;
			buildActionMask = 2147483647;
			files = (
			);
			runOnlyForDeploymentPostprocessing = 0;
		};
		8ABAF30F20A1186D003BD033 /* Frameworks */ = {
			isa = PBXFrameworksBuildPhase;
			buildActionMask = 2147483647;
			files = (
			);
			runOnlyForDeploymentPostprocessing = 0;
		};
/* End PBXFrameworksBuildPhase section */

/* Begin PBXGroup section */
		8ABAF2E720A1186C003BD033 = {
			isa = PBXGroup;
			children = (
				8ABAF2F220A1186C003BD033 /* Plant project */,
				8ABAF30A20A1186D003BD033 /* Plant projectTests */,
				8ABAF31520A1186D003BD033 /* Plant projectUITests */,
				8ABAF2F120A1186C003BD033 /* Products */,
			);
			sourceTree = "<group>";
		};
		8ABAF2F120A1186C003BD033 /* Products */ = {
			isa = PBXGroup;
			children = (
				8ABAF2F020A1186C003BD033 /* Plant project.app */,
				8ABAF30720A1186D003BD033 /* Plant projectTests.xctest */,
				8ABAF31220A1186D003BD033 /* Plant projectUITests.xctest */,
			);
			name = Products;
			sourceTree = "<group>";
		};
		8ABAF2F220A1186C003BD033 /* Plant project */ = {
			isa = PBXGroup;
			children = (
				8ABAF32B20A26A6C003BD033 /* Model */,
				8ABAF32A20A26A65003BD033 /* Protocols */,
				8ABAF32920A26A37003BD033 /* View */,
				8ABAF32620A11B99003BD033 /* Controllers */,
				8ABAF2F320A1186C003BD033 /* AppDelegate.swift */,
				8ABAF2F720A1186C003BD033 /* Main.storyboard */,
				8ABAF2FD20A1186D003BD033 /* Assets.xcassets */,
				8ABAF2FF20A1186D003BD033 /* LaunchScreen.storyboard */,
				8ABAF30220A1186D003BD033 /* Info.plist */,
				8ABAF2FA20A1186C003BD033 /* Plant_project.xcdatamodeld */,
			);
			path = "Plant project";
			sourceTree = "<group>";
		};
		8ABAF30A20A1186D003BD033 /* Plant projectTests */ = {
			isa = PBXGroup;
			children = (
				8ABAF30B20A1186D003BD033 /* Plant_projectTests.swift */,
				8ABAF30D20A1186D003BD033 /* Info.plist */,
			);
			path = "Plant projectTests";
			sourceTree = "<group>";
		};
		8ABAF31520A1186D003BD033 /* Plant projectUITests */ = {
			isa = PBXGroup;
			children = (
				8ABAF31620A1186D003BD033 /* Plant_projectUITests.swift */,
				8ABAF31820A1186D003BD033 /* Info.plist */,
			);
			path = "Plant projectUITests";
			sourceTree = "<group>";
		};
		8ABAF32620A11B99003BD033 /* Controllers */ = {
			isa = PBXGroup;
			children = (
				8ABAF32420A11B8F003BD033 /* GreenhouseViewController.swift */,
				8ABAF32720A2694C003BD033 /* PlantInfoViewController.swift */,
				8AD5370C20A6511F00611EA2 /* InfoButtonViewController.swift */,
				8AD5370E20A651B300611EA2 /* ChangeConditionsViewController.swift */,
				8A05A09320AB8B8F006A3B84 /* PlantGuideTableViewController.swift */,
				8A05A09520AB8F20006A3B84 /* GoalsViewController.swift */,
			);
			path = Controllers;
			sourceTree = "<group>";
		};
		8ABAF32920A26A37003BD033 /* View */ = {
			isa = PBXGroup;
			children = (
			);
			path = View;
			sourceTree = "<group>";
		};
		8ABAF32A20A26A65003BD033 /* Protocols */ = {
			isa = PBXGroup;
			children = (
			);
			path = Protocols;
			sourceTree = "<group>";
		};
		8ABAF32B20A26A6C003BD033 /* Model */ = {
			isa = PBXGroup;
			children = (
				8ABAF32C20A26A88003BD033 /* PlantClass.swift */,
			);
			path = Model;
			sourceTree = "<group>";
		};
/* End PBXGroup section */

/* Begin PBXNativeTarget section */
		8ABAF2EF20A1186C003BD033 /* Plant project */ = {
			isa = PBXNativeTarget;
			buildConfigurationList = 8ABAF31B20A1186D003BD033 /* Build configuration list for PBXNativeTarget "Plant project" */;
			buildPhases = (
				8ABAF2EC20A1186C003BD033 /* Sources */,
				8ABAF2ED20A1186C003BD033 /* Frameworks */,
				8ABAF2EE20A1186C003BD033 /* Resources */,
			);
			buildRules = (
			);
			dependencies = (
			);
			name = "Plant project";
			productName = "Plant project";
			productReference = 8ABAF2F020A1186C003BD033 /* Plant project.app */;
			productType = "com.apple.product-type.application";
		};
		8ABAF30620A1186D003BD033 /* Plant projectTests */ = {
			isa = PBXNativeTarget;
			buildConfigurationList = 8ABAF31E20A1186D003BD033 /* Build configuration list for PBXNativeTarget "Plant projectTests" */;
			buildPhases = (
				8ABAF30320A1186D003BD033 /* Sources */,
				8ABAF30420A1186D003BD033 /* Frameworks */,
				8ABAF30520A1186D003BD033 /* Resources */,
			);
			buildRules = (
			);
			dependencies = (
				8ABAF30920A1186D003BD033 /* PBXTargetDependency */,
			);
			name = "Plant projectTests";
			productName = "Plant projectTests";
			productReference = 8ABAF30720A1186D003BD033 /* Plant projectTests.xctest */;
			productType = "com.apple.product-type.bundle.unit-test";
		};
		8ABAF31120A1186D003BD033 /* Plant projectUITests */ = {
			isa = PBXNativeTarget;
			buildConfigurationList = 8ABAF32120A1186D003BD033 /* Build configuration list for PBXNativeTarget "Plant projectUITests" */;
			buildPhases = (
				8ABAF30E20A1186D003BD033 /* Sources */,
				8ABAF30F20A1186D003BD033 /* Frameworks */,
				8ABAF31020A1186D003BD033 /* Resources */,
			);
			buildRules = (
			);
			dependencies = (
				8ABAF31420A1186D003BD033 /* PBXTargetDependency */,
			);
			name = "Plant projectUITests";
			productName = "Plant projectUITests";
			productReference = 8ABAF31220A1186D003BD033 /* Plant projectUITests.xctest */;
			productType = "com.apple.product-type.bundle.ui-testing";
		};
/* End PBXNativeTarget section */

/* Begin PBXProject section */
		8ABAF2E820A1186C003BD033 /* Project object */ = {
			isa = PBXProject;
			attributes = {
				LastSwiftUpdateCheck = 0930;
				LastUpgradeCheck = 0930;
				ORGANIZATIONNAME = "gina iliff";
				TargetAttributes = {
					8ABAF2EF20A1186C003BD033 = {
						CreatedOnToolsVersion = 9.3;
					};
					8ABAF30620A1186D003BD033 = {
						CreatedOnToolsVersion = 9.3;
						TestTargetID = 8ABAF2EF20A1186C003BD033;
					};
					8ABAF31120A1186D003BD033 = {
						CreatedOnToolsVersion = 9.3;
						TestTargetID = 8ABAF2EF20A1186C003BD033;
					};
				};
			};
			buildConfigurationList = 8ABAF2EB20A1186C003BD033 /* Build configuration list for PBXProject "Plant project" */;
			compatibilityVersion = "Xcode 9.3";
			developmentRegion = en;
			hasScannedForEncodings = 0;
			knownRegions = (
				en,
				Base,
			);
			mainGroup = 8ABAF2E720A1186C003BD033;
			productRefGroup = 8ABAF2F120A1186C003BD033 /* Products */;
			projectDirPath = "";
			projectRoot = "";
			targets = (
				8ABAF2EF20A1186C003BD033 /* Plant project */,
				8ABAF30620A1186D003BD033 /* Plant projectTests */,
				8ABAF31120A1186D003BD033 /* Plant projectUITests */,
			);
		};
/* End PBXProject section */

/* Begin PBXResourcesBuildPhase section */
		8ABAF2EE20A1186C003BD033 /* Resources */ = {
			isa = PBXResourcesBuildPhase;
			buildActionMask = 2147483647;
			files = (
				8ABAF30120A1186D003BD033 /* LaunchScreen.storyboard in Resources */,
				8ABAF2FE20A1186D003BD033 /* Assets.xcassets in Resources */,
				8ABAF2F920A1186C003BD033 /* Main.storyboard in Resources */,
			);
			runOnlyForDeploymentPostprocessing = 0;
		};
		8ABAF30520A1186D003BD033 /* Resources */ = {
			isa = PBXResourcesBuildPhase;
			buildActionMask = 2147483647;
			files = (
			);
			runOnlyForDeploymentPostprocessing = 0;
		};
		8ABAF31020A1186D003BD033 /* Resources */ = {
			isa = PBXResourcesBuildPhase;
			buildActionMask = 2147483647;
			files = (
			);
			runOnlyForDeploymentPostprocessing = 0;
		};
/* End PBXResourcesBuildPhase section */

/* Begin PBXSourcesBuildPhase section */
		8ABAF2EC20A1186C003BD033 /* Sources */ = {
			isa = PBXSourcesBuildPhase;
			buildActionMask = 2147483647;
			files = (
				8AD5370D20A6511F00611EA2 /* InfoButtonViewController.swift in Sources */,
				8AD5370F20A651B300611EA2 /* ChangeConditionsViewController.swift in Sources */,
				8A05A09420AB8B8F006A3B84 /* PlantGuideTableViewController.swift in Sources */,
				8ABAF32520A11B8F003BD033 /* GreenhouseViewController.swift in Sources */,
				8ABAF2FC20A1186C003BD033 /* Plant_project.xcdatamodeld in Sources */,
				8ABAF32820A2694C003BD033 /* PlantInfoViewController.swift in Sources */,
				8ABAF32D20A26A88003BD033 /* PlantClass.swift in Sources */,
				8ABAF2F420A1186C003BD033 /* AppDelegate.swift in Sources */,
				8A05A09620AB8F20006A3B84 /* GoalsViewController.swift in Sources */,
			);
			runOnlyForDeploymentPostprocessing = 0;
		};
		8ABAF30320A1186D003BD033 /* Sources */ = {
			isa = PBXSourcesBuildPhase;
			buildActionMask = 2147483647;
			files = (
				8ABAF30C20A1186D003BD033 /* Plant_projectTests.swift in Sources */,
			);
			runOnlyForDeploymentPostprocessing = 0;
		};
		8ABAF30E20A1186D003BD033 /* Sources */ = {
			isa = PBXSourcesBuildPhase;
			buildActionMask = 2147483647;
			files = (
				8ABAF31720A1186D003BD033 /* Plant_projectUITests.swift in Sources */,
			);
			runOnlyForDeploymentPostprocessing = 0;
		};
/* End PBXSourcesBuildPhase section */

/* Begin PBXTargetDependency section */
		8ABAF30920A1186D003BD033 /* PBXTargetDependency */ = {
			isa = PBXTargetDependency;
			target = 8ABAF2EF20A1186C003BD033 /* Plant project */;
			targetProxy = 8ABAF30820A1186D003BD033 /* PBXContainerItemProxy */;
		};
		8ABAF31420A1186D003BD033 /* PBXTargetDependency */ = {
			isa = PBXTargetDependency;
			target = 8ABAF2EF20A1186C003BD033 /* Plant project */;
			targetProxy = 8ABAF31320A1186D003BD033 /* PBXContainerItemProxy */;
		};
/* End PBXTargetDependency section */

/* Begin PBXVariantGroup section */
		8ABAF2F720A1186C003BD033 /* Main.storyboard */ = {
			isa = PBXVariantGroup;
			children = (
				8ABAF2F820A1186C003BD033 /* Base */,
			);
			name = Main.storyboard;
			sourceTree = "<group>";
		};
		8ABAF2FF20A1186D003BD033 /* LaunchScreen.storyboard */ = {
			isa = PBXVariantGroup;
			children = (
				8ABAF30020A1186D003BD033 /* Base */,
			);
			name = LaunchScreen.storyboard;
			sourceTree = "<group>";
		};
/* End PBXVariantGroup section */

/* Begin XCBuildConfiguration section */
		8ABAF31920A1186D003BD033 /* Debug */ = {
			isa = XCBuildConfiguration;
			buildSettings = {
				ALWAYS_SEARCH_USER_PATHS = NO;
				CLANG_ANALYZER_NONNULL = YES;
				CLANG_ANALYZER_NUMBER_OBJECT_CONVERSION = YES_AGGRESSIVE;
				CLANG_CXX_LANGUAGE_STANDARD = "gnu++14";
				CLANG_CXX_LIBRARY = "libc++";
				CLANG_ENABLE_MODULES = YES;
				CLANG_ENABLE_OBJC_ARC = YES;
				CLANG_ENABLE_OBJC_WEAK = YES;
				CLANG_WARN_BLOCK_CAPTURE_AUTORELEASING = YES;
				CLANG_WARN_BOOL_CONVERSION = YES;
				CLANG_WARN_COMMA = YES;
				CLANG_WARN_CONSTANT_CONVERSION = YES;
				CLANG_WARN_DEPRECATED_OBJC_IMPLEMENTATIONS = YES;
				CLANG_WARN_DIRECT_OBJC_ISA_USAGE = YES_ERROR;
				CLANG_WARN_DOCUMENTATION_COMMENTS = YES;
				CLANG_WARN_EMPTY_BODY = YES;
				CLANG_WARN_ENUM_CONVERSION = YES;
				CLANG_WARN_INFINITE_RECURSION = YES;
				CLANG_WARN_INT_CONVERSION = YES;
				CLANG_WARN_NON_LITERAL_NULL_CONVERSION = YES;
				CLANG_WARN_OBJC_IMPLICIT_RETAIN_SELF = YES;
				CLANG_WARN_OBJC_LITERAL_CONVERSION = YES;
				CLANG_WARN_OBJC_ROOT_CLASS = YES_ERROR;
				CLANG_WARN_RANGE_LOOP_ANALYSIS = YES;
				CLANG_WARN_STRICT_PROTOTYPES = YES;
				CLANG_WARN_SUSPICIOUS_MOVE = YES;
				CLANG_WARN_UNGUARDED_AVAILABILITY = YES_AGGRESSIVE;
				CLANG_WARN_UNREACHABLE_CODE = YES;
				CLANG_WARN__DUPLICATE_METHOD_MATCH = YES;
				CODE_SIGN_IDENTITY = "iPhone Developer";
				COPY_PHASE_STRIP = NO;
				DEBUG_INFORMATION_FORMAT = dwarf;
				ENABLE_STRICT_OBJC_MSGSEND = YES;
				ENABLE_TESTABILITY = YES;
				GCC_C_LANGUAGE_STANDARD = gnu11;
				GCC_DYNAMIC_NO_PIC = NO;
				GCC_NO_COMMON_BLOCKS = YES;
				GCC_OPTIMIZATION_LEVEL = 0;
				GCC_PREPROCESSOR_DEFINITIONS = (
					"DEBUG=1",
					"$(inherited)",
				);
				GCC_WARN_64_TO_32_BIT_CONVERSION = YES;
				GCC_WARN_ABOUT_RETURN_TYPE = YES_ERROR;
				GCC_WARN_UNDECLARED_SELECTOR = YES;
				GCC_WARN_UNINITIALIZED_AUTOS = YES_AGGRESSIVE;
				GCC_WARN_UNUSED_FUNCTION = YES;
				GCC_WARN_UNUSED_VARIABLE = YES;
				IPHONEOS_DEPLOYMENT_TARGET = 11.3;
				MTL_ENABLE_DEBUG_INFO = YES;
				ONLY_ACTIVE_ARCH = YES;
				SDKROOT = iphoneos;
				SWIFT_ACTIVE_COMPILATION_CONDITIONS = DEBUG;
				SWIFT_OPTIMIZATION_LEVEL = "-Onone";
			};
			name = Debug;
		};
		8ABAF31A20A1186D003BD033 /* Release */ = {
			isa = XCBuildConfiguration;
			buildSettings = {
				ALWAYS_SEARCH_USER_PATHS = NO;
				CLANG_ANALYZER_NONNULL = YES;
				CLANG_ANALYZER_NUMBER_OBJECT_CONVERSION = YES_AGGRESSIVE;
				CLANG_CXX_LANGUAGE_STANDARD = "gnu++14";
				CLANG_CXX_LIBRARY = "libc++";
				CLANG_ENABLE_MODULES = YES;
				CLANG_ENABLE_OBJC_ARC = YES;
				CLANG_ENABLE_OBJC_WEAK = YES;
				CLANG_WARN_BLOCK_CAPTURE_AUTORELEASING = YES;
				CLANG_WARN_BOOL_CONVERSION = YES;
				CLANG_WARN_COMMA = YES;
				CLANG_WARN_CONSTANT_CONVERSION = YES;
				CLANG_WARN_DEPRECATED_OBJC_IMPLEMENTATIONS = YES;
				CLANG_WARN_DIRECT_OBJC_ISA_USAGE = YES_ERROR;
				CLANG_WARN_DOCUMENTATION_COMMENTS = YES;
				CLANG_WARN_EMPTY_BODY = YES;
				CLANG_WARN_ENUM_CONVERSION = YES;
				CLANG_WARN_INFINITE_RECURSION = YES;
				CLANG_WARN_INT_CONVERSION = YES;
				CLANG_WARN_NON_LITERAL_NULL_CONVERSION = YES;
				CLANG_WARN_OBJC_IMPLICIT_RETAIN_SELF = YES;
				CLANG_WARN_OBJC_LITERAL_CONVERSION = YES;
				CLANG_WARN_OBJC_ROOT_CLASS = YES_ERROR;
				CLANG_WARN_RANGE_LOOP_ANALYSIS = YES;
				CLANG_WARN_STRICT_PROTOTYPES = YES;
				CLANG_WARN_SUSPICIOUS_MOVE = YES;
				CLANG_WARN_UNGUARDED_AVAILABILITY = YES_AGGRESSIVE;
				CLANG_WARN_UNREACHABLE_CODE = YES;
				CLANG_WARN__DUPLICATE_METHOD_MATCH = YES;
				CODE_SIGN_IDENTITY = "iPhone Developer";
				COPY_PHASE_STRIP = NO;
				DEBUG_INFORMATION_FORMAT = "dwarf-with-dsym";
				ENABLE_NS_ASSERTIONS = NO;
				ENABLE_STRICT_OBJC_MSGSEND = YES;
				GCC_C_LANGUAGE_STANDARD = gnu11;
				GCC_NO_COMMON_BLOCKS = YES;
				GCC_WARN_64_TO_32_BIT_CONVERSION = YES;
				GCC_WARN_ABOUT_RETURN_TYPE = YES_ERROR;
				GCC_WARN_UNDECLARED_SELECTOR = YES;
				GCC_WARN_UNINITIALIZED_AUTOS = YES_AGGRESSIVE;
				GCC_WARN_UNUSED_FUNCTION = YES;
				GCC_WARN_UNUSED_VARIABLE = YES;
				IPHONEOS_DEPLOYMENT_TARGET = 11.3;
				MTL_ENABLE_DEBUG_INFO = NO;
				SDKROOT = iphoneos;
				SWIFT_COMPILATION_MODE = wholemodule;
				SWIFT_OPTIMIZATION_LEVEL = "-O";
				VALIDATE_PRODUCT = YES;
			};
			name = Release;
		};
		8ABAF31C20A1186D003BD033 /* Debug */ = {
			isa = XCBuildConfiguration;
			buildSettings = {
				ASSETCATALOG_COMPILER_APPICON_NAME = AppIcon;
				CODE_SIGN_STYLE = Automatic;
				DEVELOPMENT_TEAM = CL59C3LYC3;
				INFOPLIST_FILE = "Plant project/Info.plist";
				LD_RUNPATH_SEARCH_PATHS = (
					"$(inherited)",
					"@executable_path/Frameworks",
				);
				PRODUCT_BUNDLE_IDENTIFIER = "com.gina.iliff.Plant-project";
				PRODUCT_NAME = "$(TARGET_NAME)";
				SWIFT_VERSION = 4.0;
				TARGETED_DEVICE_FAMILY = "1,2";
			};
			name = Debug;
		};
		8ABAF31D20A1186D003BD033 /* Release */ = {
			isa = XCBuildConfiguration;
			buildSettings = {
				ASSETCATALOG_COMPILER_APPICON_NAME = AppIcon;
				CODE_SIGN_STYLE = Automatic;
				DEVELOPMENT_TEAM = CL59C3LYC3;
				INFOPLIST_FILE = "Plant project/Info.plist";
				LD_RUNPATH_SEARCH_PATHS = (
					"$(inherited)",
					"@executable_path/Frameworks",
				);
				PRODUCT_BUNDLE_IDENTIFIER = "com.gina.iliff.Plant-project";
				PRODUCT_NAME = "$(TARGET_NAME)";
				SWIFT_VERSION = 4.0;
				TARGETED_DEVICE_FAMILY = "1,2";
			};
			name = Release;
		};
		8ABAF31F20A1186D003BD033 /* Debug */ = {
			isa = XCBuildConfiguration;
			buildSettings = {
				ALWAYS_EMBED_SWIFT_STANDARD_LIBRARIES = YES;
				BUNDLE_LOADER = "$(TEST_HOST)";
				CODE_SIGN_STYLE = Automatic;
				DEVELOPMENT_TEAM = CL59C3LYC3;
				INFOPLIST_FILE = "Plant projectTests/Info.plist";
				LD_RUNPATH_SEARCH_PATHS = (
					"$(inherited)",
					"@executable_path/Frameworks",
					"@loader_path/Frameworks",
				);
				PRODUCT_BUNDLE_IDENTIFIER = "com.gina.iliff.Plant-projectTests";
				PRODUCT_NAME = "$(TARGET_NAME)";
				SWIFT_VERSION = 4.0;
				TARGETED_DEVICE_FAMILY = "1,2";
				TEST_HOST = "$(BUILT_PRODUCTS_DIR)/Plant project.app/Plant project";
			};
			name = Debug;
		};
		8ABAF32020A1186D003BD033 /* Release */ = {
			isa = XCBuildConfiguration;
			buildSettings = {
				ALWAYS_EMBED_SWIFT_STANDARD_LIBRARIES = YES;
				BUNDLE_LOADER = "$(TEST_HOST)";
				CODE_SIGN_STYLE = Automatic;
				DEVELOPMENT_TEAM = CL59C3LYC3;
				INFOPLIST_FILE = "Plant projectTests/Info.plist";
				LD_RUNPATH_SEARCH_PATHS = (
					"$(inherited)",
					"@executable_path/Frameworks",
					"@loader_path/Frameworks",
				);
				PRODUCT_BUNDLE_IDENTIFIER = "com.gina.iliff.Plant-projectTests";
				PRODUCT_NAME = "$(TARGET_NAME)";
				SWIFT_VERSION = 4.0;
				TARGETED_DEVICE_FAMILY = "1,2";
				TEST_HOST = "$(BUILT_PRODUCTS_DIR)/Plant project.app/Plant project";
			};
			name = Release;
		};
		8ABAF32220A1186D003BD033 /* Debug */ = {
			isa = XCBuildConfiguration;
			buildSettings = {
				ALWAYS_EMBED_SWIFT_STANDARD_LIBRARIES = YES;
				CODE_SIGN_STYLE = Automatic;
				DEVELOPMENT_TEAM = CL59C3LYC3;
				INFOPLIST_FILE = "Plant projectUITests/Info.plist";
				LD_RUNPATH_SEARCH_PATHS = (
					"$(inherited)",
					"@executable_path/Frameworks",
					"@loader_path/Frameworks",
				);
				PRODUCT_BUNDLE_IDENTIFIER = "com.gina.iliff.Plant-projectUITests";
				PRODUCT_NAME = "$(TARGET_NAME)";
				SWIFT_VERSION = 4.0;
				TARGETED_DEVICE_FAMILY = "1,2";
				TEST_TARGET_NAME = "Plant project";
			};
			name = Debug;
		};
		8ABAF32320A1186D003BD033 /* Release */ = {
			isa = XCBuildConfiguration;
			buildSettings = {
				ALWAYS_EMBED_SWIFT_STANDARD_LIBRARIES = YES;
				CODE_SIGN_STYLE = Automatic;
				DEVELOPMENT_TEAM = CL59C3LYC3;
				INFOPLIST_FILE = "Plant projectUITests/Info.plist";
				LD_RUNPATH_SEARCH_PATHS = (
					"$(inherited)",
					"@executable_path/Frameworks",
					"@loader_path/Frameworks",
				);
				PRODUCT_BUNDLE_IDENTIFIER = "com.gina.iliff.Plant-projectUITests";
				PRODUCT_NAME = "$(TARGET_NAME)";
				SWIFT_VERSION = 4.0;
				TARGETED_DEVICE_FAMILY = "1,2";
				TEST_TARGET_NAME = "Plant project";
			};
			name = Release;
		};
/* End XCBuildConfiguration section */

/* Begin XCConfigurationList section */
		8ABAF2EB20A1186C003BD033 /* Build configuration list for PBXProject "Plant project" */ = {
			isa = XCConfigurationList;
			buildConfigurations = (
				8ABAF31920A1186D003BD033 /* Debug */,
				8ABAF31A20A1186D003BD033 /* Release */,
			);
			defaultConfigurationIsVisible = 0;
			defaultConfigurationName = Release;
		};
		8ABAF31B20A1186D003BD033 /* Build configuration list for PBXNativeTarget "Plant project" */ = {
			isa = XCConfigurationList;
			buildConfigurations = (
				8ABAF31C20A1186D003BD033 /* Debug */,
				8ABAF31D20A1186D003BD033 /* Release */,
			);
			defaultConfigurationIsVisible = 0;
			defaultConfigurationName = Release;
		};
		8ABAF31E20A1186D003BD033 /* Build configuration list for PBXNativeTarget "Plant projectTests" */ = {
			isa = XCConfigurationList;
			buildConfigurations = (
				8ABAF31F20A1186D003BD033 /* Debug */,
				8ABAF32020A1186D003BD033 /* Release */,
			);
			defaultConfigurationIsVisible = 0;
			defaultConfigurationName = Release;
		};
		8ABAF32120A1186D003BD033 /* Build configuration list for PBXNativeTarget "Plant projectUITests" */ = {
			isa = XCConfigurationList;
			buildConfigurations = (
				8ABAF32220A1186D003BD033 /* Debug */,
				8ABAF32320A1186D003BD033 /* Release */,
			);
			defaultConfigurationIsVisible = 0;
			defaultConfigurationName = Release;
		};
/* End XCConfigurationList section */

/* Begin XCVersionGroup section */
		8ABAF2FA20A1186C003BD033 /* Plant_project.xcdatamodeld */ = {
			isa = XCVersionGroup;
			children = (
				8ABAF2FB20A1186C003BD033 /* Plant_project.xcdatamodel */,
			);
			currentVersion = 8ABAF2FB20A1186C003BD033 /* Plant_project.xcdatamodel */;
			path = Plant_project.xcdatamodeld;
			sourceTree = "<group>";
			versionGroupType = wrapper.xcdatamodel;
		};
/* End XCVersionGroup section */
	};
	rootObject = 8ABAF2E820A1186C003BD033 /* Project object */;
}
